
Microsoft Visual Studio Solution File, Format Version 12.00
# Visual Studio 15
VisualStudioVersion = 15.0.28307.136
MinimumVisualStudioVersion = 10.0.40219.1
Project("{FAE04EC0-301F-11D3-BF4B-00C04F79EFBC}") = "P01DataTypeFinder", "P01DataTypeFinder\P01DataTypeFinder.csproj", "{9527D98D-8243-49EA-9125-AFFC2D84CF88}"
EndProject
Project("{FAE04EC0-301F-11D3-BF4B-00C04F79EFBC}") = "P02FromLeftToTheRight", "P02FromLeftToTheRight\P02FromLeftToTheRight.csproj", "{E50CED52-383E-483A-9EFB-AE9CEDAB94CB}"
EndProject
Project("{FAE04EC0-301F-11D3-BF4B-00C04F79EFBC}") = "P03FloatingEquality", "P03FloatingEquality\P03FloatingEquality.csproj", "{5A89C4B4-53C0-4922-9C88-5BA315BE01A2}"
EndProject
Project("{FAE04EC0-301F-11D3-BF4B-00C04F79EFBC}") = "P04RefactoringPrimeChecker", "P04RefactoringPrimeChecker\P04RefactoringPrimeChecker.csproj", "{58665BB6-DC2A-465A-BEA1-B489C52FFFC7}"
EndProject
Project("{FAE04EC0-301F-11D3-BF4B-00C04F79EFBC}") = "P05DecryptingMessages", "P05DecryptingMessages\P05DecryptingMessages.csproj", "{DE4F548E-A47D-44E2-A4DE-FD5AD845A93B}"
EndProject
Project("{FAE04EC0-301F-11D3-BF4B-00C04F79EFBC}") = "P06BalancedBrackets", "P06BalancedBrackets\P06BalancedBrackets.csproj", "{D45C3363-29DC-4BAE-ADC7-EFEC4B3252C5}"
EndProject
Global
	GlobalSection(SolutionConfigurationPlatforms) = preSolution
		Debug|Any CPU = Debug|Any CPU
		Release|Any CPU = Release|Any CPU
	EndGlobalSection
	GlobalSection(ProjectConfigurationPlatforms) = postSolution
		{9527D98D-8243-49EA-9125-AFFC2D84CF88}.Debug|Any CPU.ActiveCfg = Debug|Any CPU
		{9527D98D-8243-49EA-9125-AFFC2D84CF88}.Debug|Any CPU.Build.0 = Debug|Any CPU
		{9527D98D-8243-49EA-9125-AFFC2D84CF88}.Release|Any CPU.ActiveCfg = Release|Any CPU
		{9527D98D-8243-49EA-9125-AFFC2D84CF88}.Release|Any CPU.Build.0 = Release|Any CPU
		{E50CED52-383E-483A-9EFB-AE9CEDAB94CB}.Debug|Any CPU.ActiveCfg = Debug|Any CPU
		{E50CED52-383E-483A-9EFB-AE9CEDAB94CB}.Debug|Any CPU.Build.0 = Debug|Any CPU
		{E50CED52-383E-483A-9EFB-AE9CEDAB94CB}.Release|Any CPU.ActiveCfg = Release|Any CPU
		{E50CED52-383E-483A-9EFB-AE9CEDAB94CB}.Release|Any CPU.Build.0 = Release|Any CPU
		{5A89C4B4-53C0-4922-9C88-5BA315BE01A2}.Debug|Any CPU.ActiveCfg = Debug|Any CPU
		{5A89C4B4-53C0-4922-9C88-5BA315BE01A2}.Debug|Any CPU.Build.0 = Debug|Any CPU
		{5A89C4B4-53C0-4922-9C88-5BA315BE01A2}.Release|Any CPU.ActiveCfg = Release|Any CPU
		{5A89C4B4-53C0-4922-9C88-5BA315BE01A2}.Release|Any CPU.Build.0 = Release|Any CPU
		{58665BB6-DC2A-465A-BEA1-B489C52FFFC7}.Debug|Any CPU.ActiveCfg = Debug|Any CPU
		{58665BB6-DC2A-465A-BEA1-B489C52FFFC7}.Debug|Any CPU.Build.0 = Debug|Any CPU
		{58665BB6-DC2A-465A-BEA1-B489C52FFFC7}.Release|Any CPU.ActiveCfg = Release|Any CPU
		{58665BB6-DC2A-465A-BEA1-B489C52FFFC7}.Release|Any CPU.Build.0 = Release|Any CPU
		{DE4F548E-A47D-44E2-A4DE-FD5AD845A93B}.Debug|Any CPU.ActiveCfg = Debug|Any CPU
		{DE4F548E-A47D-44E2-A4DE-FD5AD845A93B}.Debug|Any CPU.Build.0 = Debug|Any CPU
		{DE4F548E-A47D-44E2-A4DE-FD5AD845A93B}.Release|Any CPU.ActiveCfg = Release|Any CPU
		{DE4F548E-A47D-44E2-A4DE-FD5AD845A93B}.Release|Any CPU.Build.0 = Release|Any CPU
		{D45C3363-29DC-4BAE-ADC7-EFEC4B3252C5}.Debug|Any CPU.ActiveCfg = Debug|Any CPU
		{D45C3363-29DC-4BAE-ADC7-EFEC4B3252C5}.Debug|Any CPU.Build.0 = Debug|Any CPU
		{D45C3363-29DC-4BAE-ADC7-EFEC4B3252C5}.Release|Any CPU.ActiveCfg = Release|Any CPU
		{D45C3363-29DC-4BAE-ADC7-EFEC4B3252C5}.Release|Any CPU.Build.0 = Release|Any CPU
	EndGlobalSection
	GlobalSection(SolutionProperties) = preSolution
		HideSolutionNode = FALSE
	EndGlobalSection
	GlobalSection(ExtensibilityGlobals) = postSolution
		SolutionGuid = {1249F30F-D4E7-48C4-96AC-F6915BC8A1E4}
	EndGlobalSection
EndGlobal
