
Microsoft Visual Studio Solution File, Format Version 12.00
# Visual Studio 15
VisualStudioVersion = 15.0.28307.136
MinimumVisualStudioVersion = 10.0.40219.1
Project("{FAE04EC0-301F-11D3-BF4B-00C04F79EFBC}") = "01_Messaging", "01_Messaging\01_Messaging.csproj", "{6DBE4794-0F03-48E8-A936-E6BF9BF229FC}"
EndProject
Project("{FAE04EC0-301F-11D3-BF4B-00C04F79EFBC}") = "02_CarRace", "02_CarRace\02_CarRace.csproj", "{BBE65988-A8AC-4ABF-A8EC-43E138B272F2}"
EndProject
Project("{FAE04EC0-301F-11D3-BF4B-00C04F79EFBC}") = "03_TakeSkipRope", "03_TakeSkipRope\03_TakeSkipRope.csproj", "{C76221B4-F4E3-4B72-8258-3C74BCD72F66}"
EndProject
Project("{FAE04EC0-301F-11D3-BF4B-00C04F79EFBC}") = "05_DrumSet", "05_DrumSet\05_DrumSet.csproj", "{B4BD82A5-6453-4DAF-A0E0-217539C588B4}"
EndProject
Project("{FAE04EC0-301F-11D3-BF4B-00C04F79EFBC}") = "04_MixedUpLists", "04_MixedUpLists\04_MixedUpLists.csproj", "{F973043D-C061-4693-A5B9-534CEA439023}"
EndProject
Global
	GlobalSection(SolutionConfigurationPlatforms) = preSolution
		Debug|Any CPU = Debug|Any CPU
		Release|Any CPU = Release|Any CPU
	EndGlobalSection
	GlobalSection(ProjectConfigurationPlatforms) = postSolution
		{6DBE4794-0F03-48E8-A936-E6BF9BF229FC}.Debug|Any CPU.ActiveCfg = Debug|Any CPU
		{6DBE4794-0F03-48E8-A936-E6BF9BF229FC}.Debug|Any CPU.Build.0 = Debug|Any CPU
		{6DBE4794-0F03-48E8-A936-E6BF9BF229FC}.Release|Any CPU.ActiveCfg = Release|Any CPU
		{6DBE4794-0F03-48E8-A936-E6BF9BF229FC}.Release|Any CPU.Build.0 = Release|Any CPU
		{BBE65988-A8AC-4ABF-A8EC-43E138B272F2}.Debug|Any CPU.ActiveCfg = Debug|Any CPU
		{BBE65988-A8AC-4ABF-A8EC-43E138B272F2}.Debug|Any CPU.Build.0 = Debug|Any CPU
		{BBE65988-A8AC-4ABF-A8EC-43E138B272F2}.Release|Any CPU.ActiveCfg = Release|Any CPU
		{BBE65988-A8AC-4ABF-A8EC-43E138B272F2}.Release|Any CPU.Build.0 = Release|Any CPU
		{C76221B4-F4E3-4B72-8258-3C74BCD72F66}.Debug|Any CPU.ActiveCfg = Debug|Any CPU
		{C76221B4-F4E3-4B72-8258-3C74BCD72F66}.Debug|Any CPU.Build.0 = Debug|Any CPU
		{C76221B4-F4E3-4B72-8258-3C74BCD72F66}.Release|Any CPU.ActiveCfg = Release|Any CPU
		{C76221B4-F4E3-4B72-8258-3C74BCD72F66}.Release|Any CPU.Build.0 = Release|Any CPU
		{B4BD82A5-6453-4DAF-A0E0-217539C588B4}.Debug|Any CPU.ActiveCfg = Debug|Any CPU
		{B4BD82A5-6453-4DAF-A0E0-217539C588B4}.Debug|Any CPU.Build.0 = Debug|Any CPU
		{B4BD82A5-6453-4DAF-A0E0-217539C588B4}.Release|Any CPU.ActiveCfg = Release|Any CPU
		{B4BD82A5-6453-4DAF-A0E0-217539C588B4}.Release|Any CPU.Build.0 = Release|Any CPU
		{F973043D-C061-4693-A5B9-534CEA439023}.Debug|Any CPU.ActiveCfg = Debug|Any CPU
		{F973043D-C061-4693-A5B9-534CEA439023}.Debug|Any CPU.Build.0 = Debug|Any CPU
		{F973043D-C061-4693-A5B9-534CEA439023}.Release|Any CPU.ActiveCfg = Release|Any CPU
		{F973043D-C061-4693-A5B9-534CEA439023}.Release|Any CPU.Build.0 = Release|Any CPU
	EndGlobalSection
	GlobalSection(SolutionProperties) = preSolution
		HideSolutionNode = FALSE
	EndGlobalSection
	GlobalSection(ExtensibilityGlobals) = postSolution
		SolutionGuid = {DEF3B278-8AEC-45DD-8A77-D143E54667FD}
	EndGlobalSection
EndGlobal
