
Microsoft Visual Studio Solution File, Format Version 12.00
# Visual Studio Version 16
VisualStudioVersion = 16.0.29411.108
MinimumVisualStudioVersion = 10.0.40219.1
Project("{FAE04EC0-301F-11D3-BF4B-00C04F79EFBC}") = "01_Shapes", "01_Shapes\01_Shapes.csproj", "{FB262748-5AB8-4434-81B3-3E88E8DD4737}"
EndProject
Project("{FAE04EC0-301F-11D3-BF4B-00C04F79EFBC}") = "02_Cars", "02_Cars\02_Cars.csproj", "{4A1686A2-750B-48F9-9A69-D5F548746F8B}"
EndProject
Global
	GlobalSection(SolutionConfigurationPlatforms) = preSolution
		Debug|Any CPU = Debug|Any CPU
		Release|Any CPU = Release|Any CPU
	EndGlobalSection
	GlobalSection(ProjectConfigurationPlatforms) = postSolution
		{FB262748-5AB8-4434-81B3-3E88E8DD4737}.Debug|Any CPU.ActiveCfg = Debug|Any CPU
		{FB262748-5AB8-4434-81B3-3E88E8DD4737}.Debug|Any CPU.Build.0 = Debug|Any CPU
		{FB262748-5AB8-4434-81B3-3E88E8DD4737}.Release|Any CPU.ActiveCfg = Release|Any CPU
		{FB262748-5AB8-4434-81B3-3E88E8DD4737}.Release|Any CPU.Build.0 = Release|Any CPU
		{4A1686A2-750B-48F9-9A69-D5F548746F8B}.Debug|Any CPU.ActiveCfg = Debug|Any CPU
		{4A1686A2-750B-48F9-9A69-D5F548746F8B}.Debug|Any CPU.Build.0 = Debug|Any CPU
		{4A1686A2-750B-48F9-9A69-D5F548746F8B}.Release|Any CPU.ActiveCfg = Release|Any CPU
		{4A1686A2-750B-48F9-9A69-D5F548746F8B}.Release|Any CPU.Build.0 = Release|Any CPU
	EndGlobalSection
	GlobalSection(SolutionProperties) = preSolution
		HideSolutionNode = FALSE
	EndGlobalSection
	GlobalSection(ExtensibilityGlobals) = postSolution
		SolutionGuid = {EAABECD4-C53A-46EC-A705-EA99360B1ADE}
	EndGlobalSection
EndGlobal
