
Microsoft Visual Studio Solution File, Format Version 12.00
# Visual Studio 15
VisualStudioVersion = 15.0.28307.136
MinimumVisualStudioVersion = 10.0.40219.1
Project("{FAE04EC0-301F-11D3-BF4B-00C04F79EFBC}") = "01_DataTypes", "01_DataTypes\01_DataTypes.csproj", "{0958815D-B736-4956-A09D-F594E9AC9AA6}"
EndProject
Project("{FAE04EC0-301F-11D3-BF4B-00C04F79EFBC}") = "02_CenterPoint", "02_CenterPoint\02_CenterPoint.csproj", "{A49792C2-48AE-4928-899C-697462332370}"
EndProject
Project("{FAE04EC0-301F-11D3-BF4B-00C04F79EFBC}") = "03_LongerLine", "03_LongerLine\03_LongerLine.csproj", "{BAB09543-9C57-491E-B653-EA5006DBC471}"
EndProject
Project("{FAE04EC0-301F-11D3-BF4B-00C04F79EFBC}") = "04_TribonacciSequence", "04_TribonacciSequence\04_TribonacciSequence.csproj", "{065F27B0-2B0B-4EB4-9C21-536BD5AE7D37}"
EndProject
Project("{FAE04EC0-301F-11D3-BF4B-00C04F79EFBC}") = "05_MultiplicationSign", "05_MultiplicationSign\05_MultiplicationSign.csproj", "{B9BD45D9-4D0F-46B6-A60B-BD80CD38BA0A}"
EndProject
Global
	GlobalSection(SolutionConfigurationPlatforms) = preSolution
		Debug|Any CPU = Debug|Any CPU
		Release|Any CPU = Release|Any CPU
	EndGlobalSection
	GlobalSection(ProjectConfigurationPlatforms) = postSolution
		{0958815D-B736-4956-A09D-F594E9AC9AA6}.Debug|Any CPU.ActiveCfg = Debug|Any CPU
		{0958815D-B736-4956-A09D-F594E9AC9AA6}.Debug|Any CPU.Build.0 = Debug|Any CPU
		{0958815D-B736-4956-A09D-F594E9AC9AA6}.Release|Any CPU.ActiveCfg = Release|Any CPU
		{0958815D-B736-4956-A09D-F594E9AC9AA6}.Release|Any CPU.Build.0 = Release|Any CPU
		{A49792C2-48AE-4928-899C-697462332370}.Debug|Any CPU.ActiveCfg = Debug|Any CPU
		{A49792C2-48AE-4928-899C-697462332370}.Debug|Any CPU.Build.0 = Debug|Any CPU
		{A49792C2-48AE-4928-899C-697462332370}.Release|Any CPU.ActiveCfg = Release|Any CPU
		{A49792C2-48AE-4928-899C-697462332370}.Release|Any CPU.Build.0 = Release|Any CPU
		{BAB09543-9C57-491E-B653-EA5006DBC471}.Debug|Any CPU.ActiveCfg = Debug|Any CPU
		{BAB09543-9C57-491E-B653-EA5006DBC471}.Debug|Any CPU.Build.0 = Debug|Any CPU
		{BAB09543-9C57-491E-B653-EA5006DBC471}.Release|Any CPU.ActiveCfg = Release|Any CPU
		{BAB09543-9C57-491E-B653-EA5006DBC471}.Release|Any CPU.Build.0 = Release|Any CPU
		{065F27B0-2B0B-4EB4-9C21-536BD5AE7D37}.Debug|Any CPU.ActiveCfg = Debug|Any CPU
		{065F27B0-2B0B-4EB4-9C21-536BD5AE7D37}.Debug|Any CPU.Build.0 = Debug|Any CPU
		{065F27B0-2B0B-4EB4-9C21-536BD5AE7D37}.Release|Any CPU.ActiveCfg = Release|Any CPU
		{065F27B0-2B0B-4EB4-9C21-536BD5AE7D37}.Release|Any CPU.Build.0 = Release|Any CPU
		{B9BD45D9-4D0F-46B6-A60B-BD80CD38BA0A}.Debug|Any CPU.ActiveCfg = Debug|Any CPU
		{B9BD45D9-4D0F-46B6-A60B-BD80CD38BA0A}.Debug|Any CPU.Build.0 = Debug|Any CPU
		{B9BD45D9-4D0F-46B6-A60B-BD80CD38BA0A}.Release|Any CPU.ActiveCfg = Release|Any CPU
		{B9BD45D9-4D0F-46B6-A60B-BD80CD38BA0A}.Release|Any CPU.Build.0 = Release|Any CPU
	EndGlobalSection
	GlobalSection(SolutionProperties) = preSolution
		HideSolutionNode = FALSE
	EndGlobalSection
	GlobalSection(ExtensibilityGlobals) = postSolution
		SolutionGuid = {4AA77908-1DC6-4D3B-8726-324C82F2E3C8}
	EndGlobalSection
EndGlobal
