
Microsoft Visual Studio Solution File, Format Version 12.00
# Visual Studio 15
VisualStudioVersion = 15.0.28307.136
MinimumVisualStudioVersion = 10.0.40219.1
Project("{FAE04EC0-301F-11D3-BF4B-00C04F79EFBC}") = "01_Ranking", "01_Ranking\01_Ranking.csproj", "{3CC644D0-EB69-4678-96B5-AF7FEDEB4314}"
EndProject
Project("{FAE04EC0-301F-11D3-BF4B-00C04F79EFBC}") = "02_Judge", "02_Judge\02_Judge.csproj", "{12984351-D51C-4F9E-8A1A-1DF7672FBC61}"
EndProject
Project("{FAE04EC0-301F-11D3-BF4B-00C04F79EFBC}") = "03_MOBAChallenger", "03_MOBAChallenger\03_MOBAChallenger.csproj", "{31F47AFF-0768-4E9A-9590-94827EB5C258}"
EndProject
Project("{FAE04EC0-301F-11D3-BF4B-00C04F79EFBC}") = "04_Snowwhite", "04_Snowwhite\04_Snowwhite.csproj", "{2053FAA8-A0DD-4C3B-BD13-AC6AEE9969C2}"
EndProject
Project("{FAE04EC0-301F-11D3-BF4B-00C04F79EFBC}") = "05_DragonArmy", "05_DragonArmy\05_DragonArmy.csproj", "{6297F7A2-0098-4ED2-888D-8B06936B4F2E}"
EndProject
Global
	GlobalSection(SolutionConfigurationPlatforms) = preSolution
		Debug|Any CPU = Debug|Any CPU
		Release|Any CPU = Release|Any CPU
	EndGlobalSection
	GlobalSection(ProjectConfigurationPlatforms) = postSolution
		{3CC644D0-EB69-4678-96B5-AF7FEDEB4314}.Debug|Any CPU.ActiveCfg = Debug|Any CPU
		{3CC644D0-EB69-4678-96B5-AF7FEDEB4314}.Debug|Any CPU.Build.0 = Debug|Any CPU
		{3CC644D0-EB69-4678-96B5-AF7FEDEB4314}.Release|Any CPU.ActiveCfg = Release|Any CPU
		{3CC644D0-EB69-4678-96B5-AF7FEDEB4314}.Release|Any CPU.Build.0 = Release|Any CPU
		{12984351-D51C-4F9E-8A1A-1DF7672FBC61}.Debug|Any CPU.ActiveCfg = Debug|Any CPU
		{12984351-D51C-4F9E-8A1A-1DF7672FBC61}.Debug|Any CPU.Build.0 = Debug|Any CPU
		{12984351-D51C-4F9E-8A1A-1DF7672FBC61}.Release|Any CPU.ActiveCfg = Release|Any CPU
		{12984351-D51C-4F9E-8A1A-1DF7672FBC61}.Release|Any CPU.Build.0 = Release|Any CPU
		{31F47AFF-0768-4E9A-9590-94827EB5C258}.Debug|Any CPU.ActiveCfg = Debug|Any CPU
		{31F47AFF-0768-4E9A-9590-94827EB5C258}.Debug|Any CPU.Build.0 = Debug|Any CPU
		{31F47AFF-0768-4E9A-9590-94827EB5C258}.Release|Any CPU.ActiveCfg = Release|Any CPU
		{31F47AFF-0768-4E9A-9590-94827EB5C258}.Release|Any CPU.Build.0 = Release|Any CPU
		{2053FAA8-A0DD-4C3B-BD13-AC6AEE9969C2}.Debug|Any CPU.ActiveCfg = Debug|Any CPU
		{2053FAA8-A0DD-4C3B-BD13-AC6AEE9969C2}.Debug|Any CPU.Build.0 = Debug|Any CPU
		{2053FAA8-A0DD-4C3B-BD13-AC6AEE9969C2}.Release|Any CPU.ActiveCfg = Release|Any CPU
		{2053FAA8-A0DD-4C3B-BD13-AC6AEE9969C2}.Release|Any CPU.Build.0 = Release|Any CPU
		{6297F7A2-0098-4ED2-888D-8B06936B4F2E}.Debug|Any CPU.ActiveCfg = Debug|Any CPU
		{6297F7A2-0098-4ED2-888D-8B06936B4F2E}.Debug|Any CPU.Build.0 = Debug|Any CPU
		{6297F7A2-0098-4ED2-888D-8B06936B4F2E}.Release|Any CPU.ActiveCfg = Release|Any CPU
		{6297F7A2-0098-4ED2-888D-8B06936B4F2E}.Release|Any CPU.Build.0 = Release|Any CPU
	EndGlobalSection
	GlobalSection(SolutionProperties) = preSolution
		HideSolutionNode = FALSE
	EndGlobalSection
	GlobalSection(ExtensibilityGlobals) = postSolution
		SolutionGuid = {1ED66B81-5FE2-4D8C-8AA9-509BDCD4E91D}
	EndGlobalSection
EndGlobal
