
Microsoft Visual Studio Solution File, Format Version 12.00
# Visual Studio 15
VisualStudioVersion = 15.0.28307.572
MinimumVisualStudioVersion = 10.0.40219.1
Project("{FAE04EC0-301F-11D3-BF4B-00C04F79EFBC}") = "01_CountSameValuesInArray", "01_CountSameValuesInArray\01_CountSameValuesInArray.csproj", "{0691A2F6-182C-4C75-AE51-F80356CFF1DF}"
EndProject
Project("{FAE04EC0-301F-11D3-BF4B-00C04F79EFBC}") = "02_AverageStudentGrades", "02_AverageStudentGrades\02_AverageStudentGrades.csproj", "{C25FB6D8-0E60-4725-A0BE-40035EFE547D}"
EndProject
Project("{FAE04EC0-301F-11D3-BF4B-00C04F79EFBC}") = "03_ProductShop", "03_ProductShop\03_ProductShop.csproj", "{930FD71A-C37A-4350-93A1-B0E8256CA350}"
EndProject
Project("{FAE04EC0-301F-11D3-BF4B-00C04F79EFBC}") = "04_CitiesByContinentAndCountry", "04_CitiesByContinentAndCountry\04_CitiesByContinentAndCountry.csproj", "{0FB753A6-7AA8-4DC6-B0BF-C68C74BF7A5B}"
EndProject
Project("{FAE04EC0-301F-11D3-BF4B-00C04F79EFBC}") = "05_RecordUniqueNames", "05_RecordUniqueNames\05_RecordUniqueNames.csproj", "{B907C3ED-9075-41BB-A4A9-B020215BE836}"
EndProject
Project("{FAE04EC0-301F-11D3-BF4B-00C04F79EFBC}") = "06_ParkingLot", "06_ParkingLot\06_ParkingLot.csproj", "{69E657E2-15CB-4177-9262-4DD6D453C41C}"
EndProject
Project("{FAE04EC0-301F-11D3-BF4B-00C04F79EFBC}") = "07_SoftUniParty", "07_SoftUniParty\07_SoftUniParty.csproj", "{7D4630E2-AA0F-40D6-BA98-4E12333A419D}"
EndProject
Global
	GlobalSection(SolutionConfigurationPlatforms) = preSolution
		Debug|Any CPU = Debug|Any CPU
		Release|Any CPU = Release|Any CPU
	EndGlobalSection
	GlobalSection(ProjectConfigurationPlatforms) = postSolution
		{0691A2F6-182C-4C75-AE51-F80356CFF1DF}.Debug|Any CPU.ActiveCfg = Debug|Any CPU
		{0691A2F6-182C-4C75-AE51-F80356CFF1DF}.Debug|Any CPU.Build.0 = Debug|Any CPU
		{0691A2F6-182C-4C75-AE51-F80356CFF1DF}.Release|Any CPU.ActiveCfg = Release|Any CPU
		{0691A2F6-182C-4C75-AE51-F80356CFF1DF}.Release|Any CPU.Build.0 = Release|Any CPU
		{C25FB6D8-0E60-4725-A0BE-40035EFE547D}.Debug|Any CPU.ActiveCfg = Debug|Any CPU
		{C25FB6D8-0E60-4725-A0BE-40035EFE547D}.Debug|Any CPU.Build.0 = Debug|Any CPU
		{C25FB6D8-0E60-4725-A0BE-40035EFE547D}.Release|Any CPU.ActiveCfg = Release|Any CPU
		{C25FB6D8-0E60-4725-A0BE-40035EFE547D}.Release|Any CPU.Build.0 = Release|Any CPU
		{930FD71A-C37A-4350-93A1-B0E8256CA350}.Debug|Any CPU.ActiveCfg = Debug|Any CPU
		{930FD71A-C37A-4350-93A1-B0E8256CA350}.Debug|Any CPU.Build.0 = Debug|Any CPU
		{930FD71A-C37A-4350-93A1-B0E8256CA350}.Release|Any CPU.ActiveCfg = Release|Any CPU
		{930FD71A-C37A-4350-93A1-B0E8256CA350}.Release|Any CPU.Build.0 = Release|Any CPU
		{0FB753A6-7AA8-4DC6-B0BF-C68C74BF7A5B}.Debug|Any CPU.ActiveCfg = Debug|Any CPU
		{0FB753A6-7AA8-4DC6-B0BF-C68C74BF7A5B}.Debug|Any CPU.Build.0 = Debug|Any CPU
		{0FB753A6-7AA8-4DC6-B0BF-C68C74BF7A5B}.Release|Any CPU.ActiveCfg = Release|Any CPU
		{0FB753A6-7AA8-4DC6-B0BF-C68C74BF7A5B}.Release|Any CPU.Build.0 = Release|Any CPU
		{B907C3ED-9075-41BB-A4A9-B020215BE836}.Debug|Any CPU.ActiveCfg = Debug|Any CPU
		{B907C3ED-9075-41BB-A4A9-B020215BE836}.Debug|Any CPU.Build.0 = Debug|Any CPU
		{B907C3ED-9075-41BB-A4A9-B020215BE836}.Release|Any CPU.ActiveCfg = Release|Any CPU
		{B907C3ED-9075-41BB-A4A9-B020215BE836}.Release|Any CPU.Build.0 = Release|Any CPU
		{69E657E2-15CB-4177-9262-4DD6D453C41C}.Debug|Any CPU.ActiveCfg = Debug|Any CPU
		{69E657E2-15CB-4177-9262-4DD6D453C41C}.Debug|Any CPU.Build.0 = Debug|Any CPU
		{69E657E2-15CB-4177-9262-4DD6D453C41C}.Release|Any CPU.ActiveCfg = Release|Any CPU
		{69E657E2-15CB-4177-9262-4DD6D453C41C}.Release|Any CPU.Build.0 = Release|Any CPU
		{7D4630E2-AA0F-40D6-BA98-4E12333A419D}.Debug|Any CPU.ActiveCfg = Debug|Any CPU
		{7D4630E2-AA0F-40D6-BA98-4E12333A419D}.Debug|Any CPU.Build.0 = Debug|Any CPU
		{7D4630E2-AA0F-40D6-BA98-4E12333A419D}.Release|Any CPU.ActiveCfg = Release|Any CPU
		{7D4630E2-AA0F-40D6-BA98-4E12333A419D}.Release|Any CPU.Build.0 = Release|Any CPU
	EndGlobalSection
	GlobalSection(SolutionProperties) = preSolution
		HideSolutionNode = FALSE
	EndGlobalSection
	GlobalSection(ExtensibilityGlobals) = postSolution
		SolutionGuid = {5FF8F644-85C3-4A7A-9C18-945B9974ABF9}
	EndGlobalSection
EndGlobal
