
Microsoft Visual Studio Solution File, Format Version 12.00
# Visual Studio Version 16
VisualStudioVersion = 16.0.29409.12
MinimumVisualStudioVersion = 10.0.40219.1
Project("{FAE04EC0-301F-11D3-BF4B-00C04F79EFBC}") = "00_CustomDataStructures", "00_CustomDataStructures\00_CustomDataStructures.csproj", "{FD946B88-85D6-49FB-8BFB-88D83C045EE0}"
EndProject
Global
	GlobalSection(SolutionConfigurationPlatforms) = preSolution
		Debug|Any CPU = Debug|Any CPU
		Release|Any CPU = Release|Any CPU
	EndGlobalSection
	GlobalSection(ProjectConfigurationPlatforms) = postSolution
		{FD946B88-85D6-49FB-8BFB-88D83C045EE0}.Debug|Any CPU.ActiveCfg = Debug|Any CPU
		{FD946B88-85D6-49FB-8BFB-88D83C045EE0}.Debug|Any CPU.Build.0 = Debug|Any CPU
		{FD946B88-85D6-49FB-8BFB-88D83C045EE0}.Release|Any CPU.ActiveCfg = Release|Any CPU
		{FD946B88-85D6-49FB-8BFB-88D83C045EE0}.Release|Any CPU.Build.0 = Release|Any CPU
	EndGlobalSection
	GlobalSection(SolutionProperties) = preSolution
		HideSolutionNode = FALSE
	EndGlobalSection
	GlobalSection(ExtensibilityGlobals) = postSolution
		SolutionGuid = {EABD7CF4-247C-44D6-9F67-7DC8E738FF1D}
	EndGlobalSection
EndGlobal
