
Microsoft Visual Studio Solution File, Format Version 12.00
# Visual Studio Version 16
VisualStudioVersion = 16.0.29519.87
MinimumVisualStudioVersion = 10.0.40219.1
Project("{FAE04EC0-301F-11D3-BF4B-00C04F79EFBC}") = "INStock", "INStock\INStock.csproj", "{B1F942F9-FD49-41EE-941D-FE1D4BC4EB4D}"
EndProject
Project("{FAE04EC0-301F-11D3-BF4B-00C04F79EFBC}") = "INStock.Tests", "INStock.Tests\INStock.Tests.csproj", "{CF632DC4-16A2-47EE-8E14-D7A254FC6116}"
EndProject
Global
	GlobalSection(SolutionConfigurationPlatforms) = preSolution
		Debug|Any CPU = Debug|Any CPU
		Release|Any CPU = Release|Any CPU
	EndGlobalSection
	GlobalSection(ProjectConfigurationPlatforms) = postSolution
		{B1F942F9-FD49-41EE-941D-FE1D4BC4EB4D}.Debug|Any CPU.ActiveCfg = Debug|Any CPU
		{B1F942F9-FD49-41EE-941D-FE1D4BC4EB4D}.Debug|Any CPU.Build.0 = Debug|Any CPU
		{B1F942F9-FD49-41EE-941D-FE1D4BC4EB4D}.Release|Any CPU.ActiveCfg = Release|Any CPU
		{B1F942F9-FD49-41EE-941D-FE1D4BC4EB4D}.Release|Any CPU.Build.0 = Release|Any CPU
		{CF632DC4-16A2-47EE-8E14-D7A254FC6116}.Debug|Any CPU.ActiveCfg = Debug|Any CPU
		{CF632DC4-16A2-47EE-8E14-D7A254FC6116}.Debug|Any CPU.Build.0 = Debug|Any CPU
		{CF632DC4-16A2-47EE-8E14-D7A254FC6116}.Release|Any CPU.ActiveCfg = Release|Any CPU
		{CF632DC4-16A2-47EE-8E14-D7A254FC6116}.Release|Any CPU.Build.0 = Release|Any CPU
	EndGlobalSection
	GlobalSection(SolutionProperties) = preSolution
		HideSolutionNode = FALSE
	EndGlobalSection
	GlobalSection(ExtensibilityGlobals) = postSolution
		SolutionGuid = {7BBFDE9D-E4EA-458F-9E68-B7364627C4BA}
	EndGlobalSection
EndGlobal
