
Microsoft Visual Studio Solution File, Format Version 12.00
# Visual Studio 15
VisualStudioVersion = 15.0.28307.136
MinimumVisualStudioVersion = 10.0.40219.1
Project("{FAE04EC0-301F-11D3-BF4B-00C04F79EFBC}") = "P01ConvertMetersToKilometers", "P01ConvertMetersToKilometers\P01ConvertMetersToKilometers.csproj", "{DDD97A6A-DE56-4D0C-A7BE-E5F732011411}"
EndProject
Project("{FAE04EC0-301F-11D3-BF4B-00C04F79EFBC}") = "P02PoundsToDollars", "P02PoundsToDollars\P02PoundsToDollars.csproj", "{329768A5-F963-4C2A-BD15-47010AF4C73C}"
EndProject
Project("{FAE04EC0-301F-11D3-BF4B-00C04F79EFBC}") = "P03ExactSumOfRealNumbers", "P03ExactSumOfRealNumbers\P03ExactSumOfRealNumbers.csproj", "{2BC3CC85-8A35-4608-A57A-F2A52762CE5B}"
EndProject
Project("{FAE04EC0-301F-11D3-BF4B-00C04F79EFBC}") = "P04CenturiesToMinutes", "P04CenturiesToMinutes\P04CenturiesToMinutes.csproj", "{13A9F49A-D4F5-41AF-BF28-BB38BA7E46E2}"
EndProject
Project("{FAE04EC0-301F-11D3-BF4B-00C04F79EFBC}") = "P05SpecialNumbers", "P05SpecialNumbers\P05SpecialNumbers.csproj", "{7A977782-9EBA-4A4F-A0C6-E5E9DA7DF5B9}"
EndProject
Project("{FAE04EC0-301F-11D3-BF4B-00C04F79EFBC}") = "P06ReversedChars", "P06ReversedChars\P06ReversedChars.csproj", "{1633B896-2A6A-4AC0-B021-A66C2D57F967}"
EndProject
Project("{FAE04EC0-301F-11D3-BF4B-00C04F79EFBC}") = "P07ConcatNames", "P07ConcatNames\P07ConcatNames.csproj", "{B56331DA-BF98-47DC-A803-A0C602AD3B8B}"
EndProject
Project("{FAE04EC0-301F-11D3-BF4B-00C04F79EFBC}") = "P08TownInfo", "P08TownInfo\P08TownInfo.csproj", "{0B335B81-ACFD-4964-8550-0F276BB02C9D}"
EndProject
Project("{FAE04EC0-301F-11D3-BF4B-00C04F79EFBC}") = "P09CharsToString", "P09CharsToString\P09CharsToString.csproj", "{FC1C107D-B141-499F-937B-5AC00AACAA0E}"
EndProject
Project("{FAE04EC0-301F-11D3-BF4B-00C04F79EFBC}") = "P10LowerOrUpper", "P10LowerOrUpper\P10LowerOrUpper.csproj", "{B5235433-78F4-44FB-A86A-3CC0CD57F9B3}"
EndProject
Project("{FAE04EC0-301F-11D3-BF4B-00C04F79EFBC}") = "P11RefactorVolumeOfPyramid", "P11RefactorVolumeOfPyramid\P11RefactorVolumeOfPyramid.csproj", "{DD733BB4-2ABA-4C52-96B8-CD4516183813}"
EndProject
Project("{FAE04EC0-301F-11D3-BF4B-00C04F79EFBC}") = "P12RefactorSpecialNumbers", "P12RefactorSpecialNumbers\P12RefactorSpecialNumbers.csproj", "{2714705D-7069-40B2-AA45-C96594B2280A}"
EndProject
Global
	GlobalSection(SolutionConfigurationPlatforms) = preSolution
		Debug|Any CPU = Debug|Any CPU
		Release|Any CPU = Release|Any CPU
	EndGlobalSection
	GlobalSection(ProjectConfigurationPlatforms) = postSolution
		{DDD97A6A-DE56-4D0C-A7BE-E5F732011411}.Debug|Any CPU.ActiveCfg = Debug|Any CPU
		{DDD97A6A-DE56-4D0C-A7BE-E5F732011411}.Debug|Any CPU.Build.0 = Debug|Any CPU
		{DDD97A6A-DE56-4D0C-A7BE-E5F732011411}.Release|Any CPU.ActiveCfg = Release|Any CPU
		{DDD97A6A-DE56-4D0C-A7BE-E5F732011411}.Release|Any CPU.Build.0 = Release|Any CPU
		{329768A5-F963-4C2A-BD15-47010AF4C73C}.Debug|Any CPU.ActiveCfg = Debug|Any CPU
		{329768A5-F963-4C2A-BD15-47010AF4C73C}.Debug|Any CPU.Build.0 = Debug|Any CPU
		{329768A5-F963-4C2A-BD15-47010AF4C73C}.Release|Any CPU.ActiveCfg = Release|Any CPU
		{329768A5-F963-4C2A-BD15-47010AF4C73C}.Release|Any CPU.Build.0 = Release|Any CPU
		{2BC3CC85-8A35-4608-A57A-F2A52762CE5B}.Debug|Any CPU.ActiveCfg = Debug|Any CPU
		{2BC3CC85-8A35-4608-A57A-F2A52762CE5B}.Debug|Any CPU.Build.0 = Debug|Any CPU
		{2BC3CC85-8A35-4608-A57A-F2A52762CE5B}.Release|Any CPU.ActiveCfg = Release|Any CPU
		{2BC3CC85-8A35-4608-A57A-F2A52762CE5B}.Release|Any CPU.Build.0 = Release|Any CPU
		{13A9F49A-D4F5-41AF-BF28-BB38BA7E46E2}.Debug|Any CPU.ActiveCfg = Debug|Any CPU
		{13A9F49A-D4F5-41AF-BF28-BB38BA7E46E2}.Debug|Any CPU.Build.0 = Debug|Any CPU
		{13A9F49A-D4F5-41AF-BF28-BB38BA7E46E2}.Release|Any CPU.ActiveCfg = Release|Any CPU
		{13A9F49A-D4F5-41AF-BF28-BB38BA7E46E2}.Release|Any CPU.Build.0 = Release|Any CPU
		{7A977782-9EBA-4A4F-A0C6-E5E9DA7DF5B9}.Debug|Any CPU.ActiveCfg = Debug|Any CPU
		{7A977782-9EBA-4A4F-A0C6-E5E9DA7DF5B9}.Debug|Any CPU.Build.0 = Debug|Any CPU
		{7A977782-9EBA-4A4F-A0C6-E5E9DA7DF5B9}.Release|Any CPU.ActiveCfg = Release|Any CPU
		{7A977782-9EBA-4A4F-A0C6-E5E9DA7DF5B9}.Release|Any CPU.Build.0 = Release|Any CPU
		{1633B896-2A6A-4AC0-B021-A66C2D57F967}.Debug|Any CPU.ActiveCfg = Debug|Any CPU
		{1633B896-2A6A-4AC0-B021-A66C2D57F967}.Debug|Any CPU.Build.0 = Debug|Any CPU
		{1633B896-2A6A-4AC0-B021-A66C2D57F967}.Release|Any CPU.ActiveCfg = Release|Any CPU
		{1633B896-2A6A-4AC0-B021-A66C2D57F967}.Release|Any CPU.Build.0 = Release|Any CPU
		{B56331DA-BF98-47DC-A803-A0C602AD3B8B}.Debug|Any CPU.ActiveCfg = Debug|Any CPU
		{B56331DA-BF98-47DC-A803-A0C602AD3B8B}.Debug|Any CPU.Build.0 = Debug|Any CPU
		{B56331DA-BF98-47DC-A803-A0C602AD3B8B}.Release|Any CPU.ActiveCfg = Release|Any CPU
		{B56331DA-BF98-47DC-A803-A0C602AD3B8B}.Release|Any CPU.Build.0 = Release|Any CPU
		{0B335B81-ACFD-4964-8550-0F276BB02C9D}.Debug|Any CPU.ActiveCfg = Debug|Any CPU
		{0B335B81-ACFD-4964-8550-0F276BB02C9D}.Debug|Any CPU.Build.0 = Debug|Any CPU
		{0B335B81-ACFD-4964-8550-0F276BB02C9D}.Release|Any CPU.ActiveCfg = Release|Any CPU
		{0B335B81-ACFD-4964-8550-0F276BB02C9D}.Release|Any CPU.Build.0 = Release|Any CPU
		{FC1C107D-B141-499F-937B-5AC00AACAA0E}.Debug|Any CPU.ActiveCfg = Debug|Any CPU
		{FC1C107D-B141-499F-937B-5AC00AACAA0E}.Debug|Any CPU.Build.0 = Debug|Any CPU
		{FC1C107D-B141-499F-937B-5AC00AACAA0E}.Release|Any CPU.ActiveCfg = Release|Any CPU
		{FC1C107D-B141-499F-937B-5AC00AACAA0E}.Release|Any CPU.Build.0 = Release|Any CPU
		{B5235433-78F4-44FB-A86A-3CC0CD57F9B3}.Debug|Any CPU.ActiveCfg = Debug|Any CPU
		{B5235433-78F4-44FB-A86A-3CC0CD57F9B3}.Debug|Any CPU.Build.0 = Debug|Any CPU
		{B5235433-78F4-44FB-A86A-3CC0CD57F9B3}.Release|Any CPU.ActiveCfg = Release|Any CPU
		{B5235433-78F4-44FB-A86A-3CC0CD57F9B3}.Release|Any CPU.Build.0 = Release|Any CPU
		{DD733BB4-2ABA-4C52-96B8-CD4516183813}.Debug|Any CPU.ActiveCfg = Debug|Any CPU
		{DD733BB4-2ABA-4C52-96B8-CD4516183813}.Debug|Any CPU.Build.0 = Debug|Any CPU
		{DD733BB4-2ABA-4C52-96B8-CD4516183813}.Release|Any CPU.ActiveCfg = Release|Any CPU
		{DD733BB4-2ABA-4C52-96B8-CD4516183813}.Release|Any CPU.Build.0 = Release|Any CPU
		{2714705D-7069-40B2-AA45-C96594B2280A}.Debug|Any CPU.ActiveCfg = Debug|Any CPU
		{2714705D-7069-40B2-AA45-C96594B2280A}.Debug|Any CPU.Build.0 = Debug|Any CPU
		{2714705D-7069-40B2-AA45-C96594B2280A}.Release|Any CPU.ActiveCfg = Release|Any CPU
		{2714705D-7069-40B2-AA45-C96594B2280A}.Release|Any CPU.Build.0 = Release|Any CPU
	EndGlobalSection
	GlobalSection(SolutionProperties) = preSolution
		HideSolutionNode = FALSE
	EndGlobalSection
	GlobalSection(ExtensibilityGlobals) = postSolution
		SolutionGuid = {32E3B75A-1104-4952-991C-AD1A1F65B1CC}
	EndGlobalSection
EndGlobal
