
Microsoft Visual Studio Solution File, Format Version 12.00
# Visual Studio 15
VisualStudioVersion = 15.0.28307.136
MinimumVisualStudioVersion = 10.0.40219.1
Project("{FAE04EC0-301F-11D3-BF4B-00C04F79EFBC}") = "01_BasicStackOperations", "01_BasicStackOperations\01_BasicStackOperations.csproj", "{7D4DE304-8D8B-4AB7-BFE9-29493C190CBC}"
EndProject
Project("{FAE04EC0-301F-11D3-BF4B-00C04F79EFBC}") = "02_BasicQueueOperations", "02_BasicQueueOperations\02_BasicQueueOperations.csproj", "{8C46C6D0-DF76-494D-843C-F10914F1FC54}"
EndProject
Project("{FAE04EC0-301F-11D3-BF4B-00C04F79EFBC}") = "03_MaximumAndMinimumElement", "03_MaximumAndMinimumElement\03_MaximumAndMinimumElement.csproj", "{3981AC07-5CEE-429C-935E-902D1BFF4B90}"
EndProject
Project("{FAE04EC0-301F-11D3-BF4B-00C04F79EFBC}") = "04_FastFood", "04_FastFood\04_FastFood.csproj", "{B200007E-4CFF-4762-B8ED-F563C7392A63}"
EndProject
Project("{FAE04EC0-301F-11D3-BF4B-00C04F79EFBC}") = "05_FashionBoutique", "05_FashionBoutique\05_FashionBoutique.csproj", "{4D4A261E-7B37-44A4-8437-9E761701316B}"
EndProject
Project("{FAE04EC0-301F-11D3-BF4B-00C04F79EFBC}") = "06_AutoRepairAndService", "06_AutoRepairAndService\06_AutoRepairAndService.csproj", "{F5CA7F93-3709-436A-BAFB-0FC0142E9471}"
EndProject
Project("{FAE04EC0-301F-11D3-BF4B-00C04F79EFBC}") = "07_TruckTour", "07_TruckTour\07_TruckTour.csproj", "{95D92A55-675E-4C7D-B8DF-CEAA116BCC29}"
EndProject
Project("{FAE04EC0-301F-11D3-BF4B-00C04F79EFBC}") = "08_BalancedParentheses", "08_BalancedParentheses\08_BalancedParentheses.csproj", "{979A3E08-DEE5-47FB-9637-9CAA59CB02E7}"
EndProject
Project("{FAE04EC0-301F-11D3-BF4B-00C04F79EFBC}") = "09_SimpleTextEditor", "09_SimpleTextEditor\09_SimpleTextEditor.csproj", "{DBD2FF14-B37D-41E8-B226-1FAB8809A663}"
EndProject
Project("{FAE04EC0-301F-11D3-BF4B-00C04F79EFBC}") = "10_Crossroads", "10_Crossroads\10_Crossroads.csproj", "{931D6D45-1B48-4F03-92AC-705D81BB1CE2}"
EndProject
Project("{FAE04EC0-301F-11D3-BF4B-00C04F79EFBC}") = "11_KeyRevolver", "11_KeyRevolver\11_KeyRevolver.csproj", "{754C0C6D-602C-4E55-BD42-FF9FE1BDF4AA}"
EndProject
Project("{FAE04EC0-301F-11D3-BF4B-00C04F79EFBC}") = "12_CupsAndBottles", "12_CupsAndBottles\12_CupsAndBottles.csproj", "{210035D4-D209-47BD-8898-88A3914E9983}"
EndProject
Global
	GlobalSection(SolutionConfigurationPlatforms) = preSolution
		Debug|Any CPU = Debug|Any CPU
		Release|Any CPU = Release|Any CPU
	EndGlobalSection
	GlobalSection(ProjectConfigurationPlatforms) = postSolution
		{7D4DE304-8D8B-4AB7-BFE9-29493C190CBC}.Debug|Any CPU.ActiveCfg = Debug|Any CPU
		{7D4DE304-8D8B-4AB7-BFE9-29493C190CBC}.Debug|Any CPU.Build.0 = Debug|Any CPU
		{7D4DE304-8D8B-4AB7-BFE9-29493C190CBC}.Release|Any CPU.ActiveCfg = Release|Any CPU
		{7D4DE304-8D8B-4AB7-BFE9-29493C190CBC}.Release|Any CPU.Build.0 = Release|Any CPU
		{8C46C6D0-DF76-494D-843C-F10914F1FC54}.Debug|Any CPU.ActiveCfg = Debug|Any CPU
		{8C46C6D0-DF76-494D-843C-F10914F1FC54}.Debug|Any CPU.Build.0 = Debug|Any CPU
		{8C46C6D0-DF76-494D-843C-F10914F1FC54}.Release|Any CPU.ActiveCfg = Release|Any CPU
		{8C46C6D0-DF76-494D-843C-F10914F1FC54}.Release|Any CPU.Build.0 = Release|Any CPU
		{3981AC07-5CEE-429C-935E-902D1BFF4B90}.Debug|Any CPU.ActiveCfg = Debug|Any CPU
		{3981AC07-5CEE-429C-935E-902D1BFF4B90}.Debug|Any CPU.Build.0 = Debug|Any CPU
		{3981AC07-5CEE-429C-935E-902D1BFF4B90}.Release|Any CPU.ActiveCfg = Release|Any CPU
		{3981AC07-5CEE-429C-935E-902D1BFF4B90}.Release|Any CPU.Build.0 = Release|Any CPU
		{B200007E-4CFF-4762-B8ED-F563C7392A63}.Debug|Any CPU.ActiveCfg = Debug|Any CPU
		{B200007E-4CFF-4762-B8ED-F563C7392A63}.Debug|Any CPU.Build.0 = Debug|Any CPU
		{B200007E-4CFF-4762-B8ED-F563C7392A63}.Release|Any CPU.ActiveCfg = Release|Any CPU
		{B200007E-4CFF-4762-B8ED-F563C7392A63}.Release|Any CPU.Build.0 = Release|Any CPU
		{4D4A261E-7B37-44A4-8437-9E761701316B}.Debug|Any CPU.ActiveCfg = Debug|Any CPU
		{4D4A261E-7B37-44A4-8437-9E761701316B}.Debug|Any CPU.Build.0 = Debug|Any CPU
		{4D4A261E-7B37-44A4-8437-9E761701316B}.Release|Any CPU.ActiveCfg = Release|Any CPU
		{4D4A261E-7B37-44A4-8437-9E761701316B}.Release|Any CPU.Build.0 = Release|Any CPU
		{F5CA7F93-3709-436A-BAFB-0FC0142E9471}.Debug|Any CPU.ActiveCfg = Debug|Any CPU
		{F5CA7F93-3709-436A-BAFB-0FC0142E9471}.Debug|Any CPU.Build.0 = Debug|Any CPU
		{F5CA7F93-3709-436A-BAFB-0FC0142E9471}.Release|Any CPU.ActiveCfg = Release|Any CPU
		{F5CA7F93-3709-436A-BAFB-0FC0142E9471}.Release|Any CPU.Build.0 = Release|Any CPU
		{95D92A55-675E-4C7D-B8DF-CEAA116BCC29}.Debug|Any CPU.ActiveCfg = Debug|Any CPU
		{95D92A55-675E-4C7D-B8DF-CEAA116BCC29}.Debug|Any CPU.Build.0 = Debug|Any CPU
		{95D92A55-675E-4C7D-B8DF-CEAA116BCC29}.Release|Any CPU.ActiveCfg = Release|Any CPU
		{95D92A55-675E-4C7D-B8DF-CEAA116BCC29}.Release|Any CPU.Build.0 = Release|Any CPU
		{979A3E08-DEE5-47FB-9637-9CAA59CB02E7}.Debug|Any CPU.ActiveCfg = Debug|Any CPU
		{979A3E08-DEE5-47FB-9637-9CAA59CB02E7}.Debug|Any CPU.Build.0 = Debug|Any CPU
		{979A3E08-DEE5-47FB-9637-9CAA59CB02E7}.Release|Any CPU.ActiveCfg = Release|Any CPU
		{979A3E08-DEE5-47FB-9637-9CAA59CB02E7}.Release|Any CPU.Build.0 = Release|Any CPU
		{DBD2FF14-B37D-41E8-B226-1FAB8809A663}.Debug|Any CPU.ActiveCfg = Debug|Any CPU
		{DBD2FF14-B37D-41E8-B226-1FAB8809A663}.Debug|Any CPU.Build.0 = Debug|Any CPU
		{DBD2FF14-B37D-41E8-B226-1FAB8809A663}.Release|Any CPU.ActiveCfg = Release|Any CPU
		{DBD2FF14-B37D-41E8-B226-1FAB8809A663}.Release|Any CPU.Build.0 = Release|Any CPU
		{931D6D45-1B48-4F03-92AC-705D81BB1CE2}.Debug|Any CPU.ActiveCfg = Debug|Any CPU
		{931D6D45-1B48-4F03-92AC-705D81BB1CE2}.Debug|Any CPU.Build.0 = Debug|Any CPU
		{931D6D45-1B48-4F03-92AC-705D81BB1CE2}.Release|Any CPU.ActiveCfg = Release|Any CPU
		{931D6D45-1B48-4F03-92AC-705D81BB1CE2}.Release|Any CPU.Build.0 = Release|Any CPU
		{754C0C6D-602C-4E55-BD42-FF9FE1BDF4AA}.Debug|Any CPU.ActiveCfg = Debug|Any CPU
		{754C0C6D-602C-4E55-BD42-FF9FE1BDF4AA}.Debug|Any CPU.Build.0 = Debug|Any CPU
		{754C0C6D-602C-4E55-BD42-FF9FE1BDF4AA}.Release|Any CPU.ActiveCfg = Release|Any CPU
		{754C0C6D-602C-4E55-BD42-FF9FE1BDF4AA}.Release|Any CPU.Build.0 = Release|Any CPU
		{210035D4-D209-47BD-8898-88A3914E9983}.Debug|Any CPU.ActiveCfg = Debug|Any CPU
		{210035D4-D209-47BD-8898-88A3914E9983}.Debug|Any CPU.Build.0 = Debug|Any CPU
		{210035D4-D209-47BD-8898-88A3914E9983}.Release|Any CPU.ActiveCfg = Release|Any CPU
		{210035D4-D209-47BD-8898-88A3914E9983}.Release|Any CPU.Build.0 = Release|Any CPU
	EndGlobalSection
	GlobalSection(SolutionProperties) = preSolution
		HideSolutionNode = FALSE
	EndGlobalSection
	GlobalSection(ExtensibilityGlobals) = postSolution
		SolutionGuid = {A0FFFAE2-8C13-4B95-AE54-10DE2928738C}
	EndGlobalSection
EndGlobal
